
Microsoft Visual Studio Solution File, Format Version 12.00
# Visual Studio Version 16
VisualStudioVersion = 16.0.29306.81
MinimumVisualStudioVersion = 10.0.40219.1
Project("{FAE04EC0-301F-11D3-BF4B-00C04F79EFBC}") = "BowlingApp", "BowlingApp.csproj", "{4F251D7D-3607-4645-B576-F849BA1E999B}"
EndProject
Global
	GlobalSection(SolutionConfigurationPlatforms) = preSolution
		Debug|Any CPU = Debug|Any CPU
		Release|Any CPU = Release|Any CPU
	EndGlobalSection
	GlobalSection(ProjectConfigurationPlatforms) = postSolution
		{4F251D7D-3607-4645-B576-F849BA1E999B}.Debug|Any CPU.ActiveCfg = Debug|Any CPU
		{4F251D7D-3607-4645-B576-F849BA1E999B}.Debug|Any CPU.Build.0 = Debug|Any CPU
		{4F251D7D-3607-4645-B576-F849BA1E999B}.Release|Any CPU.ActiveCfg = Release|Any CPU
		{4F251D7D-3607-4645-B576-F849BA1E999B}.Release|Any CPU.Build.0 = Release|Any CPU
	EndGlobalSection
	GlobalSection(SolutionProperties) = preSolution
		HideSolutionNode = FALSE
	EndGlobalSection
	GlobalSection(ExtensibilityGlobals) = postSolution
		SolutionGuid = {10B1DC7E-D059-41CB-9A01-97E33A14FE47}
	EndGlobalSection
EndGlobal
